// !$*UTF8*$!
{
	archiveVersion = 1;
	classes = {
	};
	objectVersion = 46;
	objects = {

/* Begin PBXBuildFile section */
		6D0B8A2AFDC8B34A00AE8B25 /* Pods_Meals.framework in Frameworks */ = {isa = PBXBuildFile; fileRef = 189CD25EA54E718DA12F6577 /* Pods_Meals.framework */; };
		E00009A51E13ED0B008B9340 /* SchoolSearchViewController.swift in Sources */ = {isa = PBXBuildFile; fileRef = E00009A41E13ED0B008B9340 /* SchoolSearchViewController.swift */; };
		E01E33261E1125D700ED0B7F /* AppDelegate.swift in Sources */ = {isa = PBXBuildFile; fileRef = E01E33251E1125D700ED0B7F /* AppDelegate.swift */; };
		E01E33281E1125D700ED0B7F /* MealListViewController.swift in Sources */ = {isa = PBXBuildFile; fileRef = E01E33271E1125D700ED0B7F /* MealListViewController.swift */; };
		E01E332D1E1125D700ED0B7F /* Assets.xcassets in Resources */ = {isa = PBXBuildFile; fileRef = E01E332C1E1125D700ED0B7F /* Assets.xcassets */; };
		E01E33301E1125D700ED0B7F /* LaunchScreen.storyboard in Resources */ = {isa = PBXBuildFile; fileRef = E01E332E1E1125D700ED0B7F /* LaunchScreen.storyboard */; };
		E01E33381E112F3400ED0B7F /* Meal.swift in Sources */ = {isa = PBXBuildFile; fileRef = E01E33371E112F3400ED0B7F /* Meal.swift */; };
		E01E333A1E11470900ED0B7F /* MealCell.swift in Sources */ = {isa = PBXBuildFile; fileRef = E01E33391E11470900ED0B7F /* MealCell.swift */; };
		E0FB24BE1E1A2ABB004F0270 /* School.swift in Sources */ = {isa = PBXBuildFile; fileRef = E0FB24BD1E1A2ABB004F0270 /* School.swift */; };
/* End PBXBuildFile section */

/* Begin PBXFileReference section */
		189CD25EA54E718DA12F6577 /* Pods_Meals.framework */ = {isa = PBXFileReference; explicitFileType = wrapper.framework; includeInIndex = 0; path = Pods_Meals.framework; sourceTree = BUILT_PRODUCTS_DIR; };
		42F12C2164730D86F9EB9A5E /* Pods-Meals.release.xcconfig */ = {isa = PBXFileReference; includeInIndex = 1; lastKnownFileType = text.xcconfig; name = "Pods-Meals.release.xcconfig"; path = "Pods/Target Support Files/Pods-Meals/Pods-Meals.release.xcconfig"; sourceTree = "<group>"; };
		889676CD08694832AA5C2F9E /* Pods-Meals.debug.xcconfig */ = {isa = PBXFileReference; includeInIndex = 1; lastKnownFileType = text.xcconfig; name = "Pods-Meals.debug.xcconfig"; path = "Pods/Target Support Files/Pods-Meals/Pods-Meals.debug.xcconfig"; sourceTree = "<group>"; };
		E00009A41E13ED0B008B9340 /* SchoolSearchViewController.swift */ = {isa = PBXFileReference; fileEncoding = 4; lastKnownFileType = sourcecode.swift; path = SchoolSearchViewController.swift; sourceTree = "<group>"; };
		E01E33221E1125D700ED0B7F /* Meals.app */ = {isa = PBXFileReference; explicitFileType = wrapper.application; includeInIndex = 0; path = Meals.app; sourceTree = BUILT_PRODUCTS_DIR; };
		E01E33251E1125D700ED0B7F /* AppDelegate.swift */ = {isa = PBXFileReference; lastKnownFileType = sourcecode.swift; path = AppDelegate.swift; sourceTree = "<group>"; };
		E01E33271E1125D700ED0B7F /* MealListViewController.swift */ = {isa = PBXFileReference; lastKnownFileType = sourcecode.swift; path = MealListViewController.swift; sourceTree = "<group>"; };
		E01E332C1E1125D700ED0B7F /* Assets.xcassets */ = {isa = PBXFileReference; lastKnownFileType = folder.assetcatalog; path = Assets.xcassets; sourceTree = "<group>"; };
		E01E332F1E1125D700ED0B7F /* Base */ = {isa = PBXFileReference; lastKnownFileType = file.storyboard; name = Base; path = Base.lproj/LaunchScreen.storyboard; sourceTree = "<group>"; };
		E01E33311E1125D700ED0B7F /* Info.plist */ = {isa = PBXFileReference; lastKnownFileType = text.plist.xml; path = Info.plist; sourceTree = "<group>"; };
		E01E33371E112F3400ED0B7F /* Meal.swift */ = {isa = PBXFileReference; fileEncoding = 4; lastKnownFileType = sourcecode.swift; path = Meal.swift; sourceTree = "<group>"; };
		E01E33391E11470900ED0B7F /* MealCell.swift */ = {isa = PBXFileReference; fileEncoding = 4; lastKnownFileType = sourcecode.swift; path = MealCell.swift; sourceTree = "<group>"; };
		E0FB24BD1E1A2ABB004F0270 /* School.swift */ = {isa = PBXFileReference; fileEncoding = 4; lastKnownFileType = sourcecode.swift; path = School.swift; sourceTree = "<group>"; };
/* End PBXFileReference section */

/* Begin PBXFrameworksBuildPhase section */
		E01E331F1E1125D700ED0B7F /* Frameworks */ = {
			isa = PBXFrameworksBuildPhase;
			buildActionMask = 2147483647;
			files = (
				6D0B8A2AFDC8B34A00AE8B25 /* Pods_Meals.framework in Frameworks */,
			);
			runOnlyForDeploymentPostprocessing = 0;
		};
/* End PBXFrameworksBuildPhase section */

/* Begin PBXGroup section */
		1AC0D70FA5C51FF767FFDBA1 /* Pods */ = {
			isa = PBXGroup;
			children = (
				889676CD08694832AA5C2F9E /* Pods-Meals.debug.xcconfig */,
				42F12C2164730D86F9EB9A5E /* Pods-Meals.release.xcconfig */,
			);
			name = Pods;
			sourceTree = "<group>";
		};
		CBFA6671C5290A84CFA0C89E /* Frameworks */ = {
			isa = PBXGroup;
			children = (
				189CD25EA54E718DA12F6577 /* Pods_Meals.framework */,
			);
			name = Frameworks;
			sourceTree = "<group>";
		};
		E01E33191E1125D700ED0B7F = {
			isa = PBXGroup;
			children = (
				E01E33241E1125D700ED0B7F /* Meals */,
				E01E33231E1125D700ED0B7F /* Products */,
				1AC0D70FA5C51FF767FFDBA1 /* Pods */,
				CBFA6671C5290A84CFA0C89E /* Frameworks */,
			);
			sourceTree = "<group>";
		};
		E01E33231E1125D700ED0B7F /* Products */ = {
			isa = PBXGroup;
			children = (
				E01E33221E1125D700ED0B7F /* Meals.app */,
			);
			name = Products;
			sourceTree = "<group>";
		};
		E01E33241E1125D700ED0B7F /* Meals */ = {
			isa = PBXGroup;
			children = (
				E01E33251E1125D700ED0B7F /* AppDelegate.swift */,
				E01E33271E1125D700ED0B7F /* MealListViewController.swift */,
				E00009A41E13ED0B008B9340 /* SchoolSearchViewController.swift */,
				E01E332C1E1125D700ED0B7F /* Assets.xcassets */,
				E01E332E1E1125D700ED0B7F /* LaunchScreen.storyboard */,
				E01E33311E1125D700ED0B7F /* Info.plist */,
				E01E33371E112F3400ED0B7F /* Meal.swift */,
				E01E33391E11470900ED0B7F /* MealCell.swift */,
				E0FB24BD1E1A2ABB004F0270 /* School.swift */,
			);
			path = Meals;
			sourceTree = "<group>";
		};
/* End PBXGroup section */

/* Begin PBXNativeTarget section */
		E01E33211E1125D700ED0B7F /* Meals */ = {
			isa = PBXNativeTarget;
			buildConfigurationList = E01E33341E1125D700ED0B7F /* Build configuration list for PBXNativeTarget "Meals" */;
			buildPhases = (
				EE278AF801305ACC317B4BDB /* [CP] Check Pods Manifest.lock */,
				E01E331E1E1125D700ED0B7F /* Sources */,
				E01E331F1E1125D700ED0B7F /* Frameworks */,
				E01E33201E1125D700ED0B7F /* Resources */,
				DAF8996B1E00F750F55A1F15 /* [CP] Embed Pods Frameworks */,
				EBAF678ACCB03B07EEACC3DE /* [CP] Copy Pods Resources */,
			);
			buildRules = (
			);
			dependencies = (
			);
			name = Meals;
			productName = Meals;
			productReference = E01E33221E1125D700ED0B7F /* Meals.app */;
			productType = "com.apple.product-type.application";
		};
/* End PBXNativeTarget section */

/* Begin PBXProject section */
		E01E331A1E1125D700ED0B7F /* Project object */ = {
			isa = PBXProject;
			attributes = {
				LastSwiftUpdateCheck = 0820;
				LastUpgradeCheck = 0820;
				ORGANIZATIONNAME = "조여규";
				TargetAttributes = {
					E01E33211E1125D700ED0B7F = {
						CreatedOnToolsVersion = 8.2;
						ProvisioningStyle = Automatic;
					};
				};
			};
			buildConfigurationList = E01E331D1E1125D700ED0B7F /* Build configuration list for PBXProject "Meals" */;
			compatibilityVersion = "Xcode 3.2";
			developmentRegion = English;
			hasScannedForEncodings = 0;
			knownRegions = (
				en,
				Base,
			);
			mainGroup = E01E33191E1125D700ED0B7F;
			productRefGroup = E01E33231E1125D700ED0B7F /* Products */;
			projectDirPath = "";
			projectRoot = "";
			targets = (
				E01E33211E1125D700ED0B7F /* Meals */,
			);
		};
/* End PBXProject section */

/* Begin PBXResourcesBuildPhase section */
		E01E33201E1125D700ED0B7F /* Resources */ = {
			isa = PBXResourcesBuildPhase;
			buildActionMask = 2147483647;
			files = (
				E01E33301E1125D700ED0B7F /* LaunchScreen.storyboard in Resources */,
				E01E332D1E1125D700ED0B7F /* Assets.xcassets in Resources */,
			);
			runOnlyForDeploymentPostprocessing = 0;
		};
/* End PBXResourcesBuildPhase section */

/* Begin PBXShellScriptBuildPhase section */
		DAF8996B1E00F750F55A1F15 /* [CP] Embed Pods Frameworks */ = {
			isa = PBXShellScriptBuildPhase;
			buildActionMask = 2147483647;
			files = (
			);
			inputPaths = (
			);
			name = "[CP] Embed Pods Frameworks";
			outputPaths = (
			);
			runOnlyForDeploymentPostprocessing = 0;
			shellPath = /bin/sh;
			shellScript = "\"${SRCROOT}/Pods/Target Support Files/Pods-Meals/Pods-Meals-frameworks.sh\"\n";
			showEnvVarsInLog = 0;
		};
		EBAF678ACCB03B07EEACC3DE /* [CP] Copy Pods Resources */ = {
			isa = PBXShellScriptBuildPhase;
			buildActionMask = 2147483647;
			files = (
			);
			inputPaths = (
			);
			name = "[CP] Copy Pods Resources";
			outputPaths = (
			);
			runOnlyForDeploymentPostprocessing = 0;
			shellPath = /bin/sh;
			shellScript = "\"${SRCROOT}/Pods/Target Support Files/Pods-Meals/Pods-Meals-resources.sh\"\n";
			showEnvVarsInLog = 0;
		};
		EE278AF801305ACC317B4BDB /* [CP] Check Pods Manifest.lock */ = {
			isa = PBXShellScriptBuildPhase;
			buildActionMask = 2147483647;
			files = (
			);
			inputPaths = (
			);
			name = "[CP] Check Pods Manifest.lock";
			outputPaths = (
			);
			runOnlyForDeploymentPostprocessing = 0;
			shellPath = /bin/sh;
			shellScript = "diff \"${PODS_ROOT}/../Podfile.lock\" \"${PODS_ROOT}/Manifest.lock\" > /dev/null\nif [ $? != 0 ] ; then\n    # print error to STDERR\n    echo \"error: The sandbox is not in sync with the Podfile.lock. Run 'pod install' or update your CocoaPods installation.\" >&2\n    exit 1\nfi\n";
			showEnvVarsInLog = 0;
		};
/* End PBXShellScriptBuildPhase section */

/* Begin PBXSourcesBuildPhase section */
		E01E331E1E1125D700ED0B7F /* Sources */ = {
			isa = PBXSourcesBuildPhase;
			buildActionMask = 2147483647;
			files = (
				E01E333A1E11470900ED0B7F /* MealCell.swift in Sources */,
				E0FB24BE1E1A2ABB004F0270 /* School.swift in Sources */,
				E00009A51E13ED0B008B9340 /* SchoolSearchViewController.swift in Sources */,
				E01E33281E1125D700ED0B7F /* MealListViewController.swift in Sources */,
				E01E33381E112F3400ED0B7F /* Meal.swift in Sources */,
				E01E33261E1125D700ED0B7F /* AppDelegate.swift in Sources */,
			);
			runOnlyForDeploymentPostprocessing = 0;
		};
/* End PBXSourcesBuildPhase section */

/* Begin PBXVariantGroup section */
		E01E332E1E1125D700ED0B7F /* LaunchScreen.storyboard */ = {
			isa = PBXVariantGroup;
			children = (
				E01E332F1E1125D700ED0B7F /* Base */,
			);
			name = LaunchScreen.storyboard;
			sourceTree = "<group>";
		};
/* End PBXVariantGroup section */

/* Begin XCBuildConfiguration section */
		E01E33321E1125D700ED0B7F /* Debug */ = {
			isa = XCBuildConfiguration;
			buildSettings = {
				ALWAYS_SEARCH_USER_PATHS = NO;
				CLANG_ANALYZER_NONNULL = YES;
				CLANG_CXX_LANGUAGE_STANDARD = "gnu++0x";
				CLANG_CXX_LIBRARY = "libc++";
				CLANG_ENABLE_MODULES = YES;
				CLANG_ENABLE_OBJC_ARC = YES;
				CLANG_WARN_BOOL_CONVERSION = YES;
				CLANG_WARN_CONSTANT_CONVERSION = YES;
				CLANG_WARN_DIRECT_OBJC_ISA_USAGE = YES_ERROR;
				CLANG_WARN_DOCUMENTATION_COMMENTS = YES;
				CLANG_WARN_EMPTY_BODY = YES;
				CLANG_WARN_ENUM_CONVERSION = YES;
				CLANG_WARN_INFINITE_RECURSION = YES;
				CLANG_WARN_INT_CONVERSION = YES;
				CLANG_WARN_OBJC_ROOT_CLASS = YES_ERROR;
				CLANG_WARN_SUSPICIOUS_MOVE = YES;
				CLANG_WARN_UNREACHABLE_CODE = YES;
				CLANG_WARN__DUPLICATE_METHOD_MATCH = YES;
				"CODE_SIGN_IDENTITY[sdk=iphoneos*]" = "iPhone Developer";
				COPY_PHASE_STRIP = NO;
				DEBUG_INFORMATION_FORMAT = dwarf;
				ENABLE_STRICT_OBJC_MSGSEND = YES;
				ENABLE_TESTABILITY = YES;
				GCC_C_LANGUAGE_STANDARD = gnu99;
				GCC_DYNAMIC_NO_PIC = NO;
				GCC_NO_COMMON_BLOCKS = YES;
				GCC_OPTIMIZATION_LEVEL = 0;
				GCC_PREPROCESSOR_DEFINITIONS = (
					"DEBUG=1",
					"$(inherited)",
				);
				GCC_WARN_64_TO_32_BIT_CONVERSION = YES;
				GCC_WARN_ABOUT_RETURN_TYPE = YES_ERROR;
				GCC_WARN_UNDECLARED_SELECTOR = YES;
				GCC_WARN_UNINITIALIZED_AUTOS = YES_AGGRESSIVE;
				GCC_WARN_UNUSED_FUNCTION = YES;
				GCC_WARN_UNUSED_VARIABLE = YES;
				IPHONEOS_DEPLOYMENT_TARGET = 10.2;
				MTL_ENABLE_DEBUG_INFO = YES;
				ONLY_ACTIVE_ARCH = YES;
				SDKROOT = iphoneos;
				SWIFT_ACTIVE_COMPILATION_CONDITIONS = DEBUG;
				SWIFT_OPTIMIZATION_LEVEL = "-Onone";
			};
			name = Debug;
		};
		E01E33331E1125D700ED0B7F /* Release */ = {
			isa = XCBuildConfiguration;
			buildSettings = {
				ALWAYS_SEARCH_USER_PATHS = NO;
				CLANG_ANALYZER_NONNULL = YES;
				CLANG_CXX_LANGUAGE_STANDARD = "gnu++0x";
				CLANG_CXX_LIBRARY = "libc++";
				CLANG_ENABLE_MODULES = YES;
				CLANG_ENABLE_OBJC_ARC = YES;
				CLANG_WARN_BOOL_CONVERSION = YES;
				CLANG_WARN_CONSTANT_CONVERSION = YES;
				CLANG_WARN_DIRECT_OBJC_ISA_USAGE = YES_ERROR;
				CLANG_WARN_DOCUMENTATION_COMMENTS = YES;
				CLANG_WARN_EMPTY_BODY = YES;
				CLANG_WARN_ENUM_CONVERSION = YES;
				CLANG_WARN_INFINITE_RECURSION = YES;
				CLANG_WARN_INT_CONVERSION = YES;
				CLANG_WARN_OBJC_ROOT_CLASS = YES_ERROR;
				CLANG_WARN_SUSPICIOUS_MOVE = YES;
				CLANG_WARN_UNREACHABLE_CODE = YES;
				CLANG_WARN__DUPLICATE_METHOD_MATCH = YES;
				"CODE_SIGN_IDENTITY[sdk=iphoneos*]" = "iPhone Developer";
				COPY_PHASE_STRIP = NO;
				DEBUG_INFORMATION_FORMAT = "dwarf-with-dsym";
				ENABLE_NS_ASSERTIONS = NO;
				ENABLE_STRICT_OBJC_MSGSEND = YES;
				GCC_C_LANGUAGE_STANDARD = gnu99;
				GCC_NO_COMMON_BLOCKS = YES;
				GCC_WARN_64_TO_32_BIT_CONVERSION = YES;
				GCC_WARN_ABOUT_RETURN_TYPE = YES_ERROR;
				GCC_WARN_UNDECLARED_SELECTOR = YES;
				GCC_WARN_UNINITIALIZED_AUTOS = YES_AGGRESSIVE;
				GCC_WARN_UNUSED_FUNCTION = YES;
				GCC_WARN_UNUSED_VARIABLE = YES;
				IPHONEOS_DEPLOYMENT_TARGET = 10.2;
				MTL_ENABLE_DEBUG_INFO = NO;
				SDKROOT = iphoneos;
				SWIFT_OPTIMIZATION_LEVEL = "-Owholemodule";
				VALIDATE_PRODUCT = YES;
			};
			name = Release;
		};
		E01E33351E1125D700ED0B7F /* Debug */ = {
			isa = XCBuildConfiguration;
			baseConfigurationReference = 889676CD08694832AA5C2F9E /* Pods-Meals.debug.xcconfig */;
			buildSettings = {
				ASSETCATALOG_COMPILER_APPICON_NAME = AppIcon;
				INFOPLIST_FILE = Meals/Info.plist;
				LD_RUNPATH_SEARCH_PATHS = "$(inherited) @executable_path/Frameworks";
				PRODUCT_BUNDLE_IDENTIFIER = pr1218.Meals;
				PRODUCT_NAME = "$(TARGET_NAME)";
				SWIFT_VERSION = 3.0;
			};
			name = Debug;
		};
		E01E33361E1125D700ED0B7F /* Release */ = {
			isa = XCBuildConfiguration;
			baseConfigurationReference = 42F12C2164730D86F9EB9A5E /* Pods-Meals.release.xcconfig */;
			buildSettings = {
				ASSETCATALOG_COMPILER_APPICON_NAME = AppIcon;
				INFOPLIST_FILE = Meals/Info.plist;
				LD_RUNPATH_SEARCH_PATHS = "$(inherited) @executable_path/Frameworks";
				PRODUCT_BUNDLE_IDENTIFIER = pr1218.Meals;
				PRODUCT_NAME = "$(TARGET_NAME)";
				SWIFT_VERSION = 3.0;
			};
			name = Release;
		};
/* End XCBuildConfiguration section */

/* Begin XCConfigurationList section */
		E01E331D1E1125D700ED0B7F /* Build configuration list for PBXProject "Meals" */ = {
			isa = XCConfigurationList;
			buildConfigurations = (
				E01E33321E1125D700ED0B7F /* Debug */,
				E01E33331E1125D700ED0B7F /* Release */,
			);
			defaultConfigurationIsVisible = 0;
			defaultConfigurationName = Release;
		};
		E01E33341E1125D700ED0B7F /* Build configuration list for PBXNativeTarget "Meals" */ = {
			isa = XCConfigurationList;
			buildConfigurations = (
				E01E33351E1125D700ED0B7F /* Debug */,
				E01E33361E1125D700ED0B7F /* Release */,
			);
			defaultConfigurationIsVisible = 0;
			defaultConfigurationName = Release;
		};
/* End XCConfigurationList section */
	};
	rootObject = E01E331A1E1125D700ED0B7F /* Project object */;
}
